
Microsoft Visual Studio Solution File, Format Version 12.00
# Visual Studio Version 16
VisualStudioVersion = 16.0.30114.105
MinimumVisualStudioVersion = 10.0.40219.1
Project("{2150E333-8FDC-42A3-9474-1A3956D46DE8}") = "src", "src", "{3D229B19-8F18-4F26-91F4-E88DA756668D}"
EndProject
Project("{FAE04EC0-301F-11D3-BF4B-00C04F79EFBC}") = "Poo.Api", "src\Api\Poo.Api.csproj", "{D7D362DE-E0CD-4660-82AF-C3B72AC6ECCA}"
EndProject
Global
	GlobalSection(SolutionConfigurationPlatforms) = preSolution
		Debug|Any CPU = Debug|Any CPU
		Release|Any CPU = Release|Any CPU
	EndGlobalSection
	GlobalSection(SolutionProperties) = preSolution
		HideSolutionNode = FALSE
	EndGlobalSection
	GlobalSection(ProjectConfigurationPlatforms) = postSolution
		{D7D362DE-E0CD-4660-82AF-C3B72AC6ECCA}.Debug|Any CPU.ActiveCfg = Debug|Any CPU
		{D7D362DE-E0CD-4660-82AF-C3B72AC6ECCA}.Debug|Any CPU.Build.0 = Debug|Any CPU
		{D7D362DE-E0CD-4660-82AF-C3B72AC6ECCA}.Release|Any CPU.ActiveCfg = Release|Any CPU
		{D7D362DE-E0CD-4660-82AF-C3B72AC6ECCA}.Release|Any CPU.Build.0 = Release|Any CPU
	EndGlobalSection
	GlobalSection(NestedProjects) = preSolution
		{D7D362DE-E0CD-4660-82AF-C3B72AC6ECCA} = {3D229B19-8F18-4F26-91F4-E88DA756668D}
	EndGlobalSection
EndGlobal
